
Microsoft Visual Studio Solution File, Format Version 12.00
# Visual Studio Version 17
VisualStudioVersion = 17.0.32112.339
MinimumVisualStudioVersion = 10.0.40219.1
Project("{2150E333-8FDC-42A3-9474-1A3956D46DE8}") = "Projects", "Projects", "{F57419D5-45DE-43CA-86AD-378FDB071A26}"
EndProject
Project("{9A19103F-16F7-4668-BE54-9A1E7A4F7556}") = "NUCA.Identity", "Identity\NUCA.Identity.csproj", "{2891A95A-499E-476A-A3A9-CA8AA01B854B}"
EndProject
Project("{2150E333-8FDC-42A3-9474-1A3956D46DE8}") = "Common", "Common", "{B0099B3D-E5C2-4C94-8262-4A3B5D1D3852}"
EndProject
Project("{9A19103F-16F7-4668-BE54-9A1E7A4F7556}") = "NUCA.Common", "NUCA.Common\NUCA.Common.csproj", "{C493DC8B-BC05-4B0C-9E89-74D52E2C7717}"
EndProject
Project("{2150E333-8FDC-42A3-9474-1A3956D46DE8}") = "Services", "Services", "{D319F8A0-15AA-4DF7-A208-353998AED994}"
EndProject
Project("{2150E333-8FDC-42A3-9474-1A3956D46DE8}") = "Identity", "Identity", "{D0524446-A502-4C0A-A481-586694BF39C9}"
EndProject
Project("{2150E333-8FDC-42A3-9474-1A3956D46DE8}") = "Web", "Web", "{9A583ED9-D0F9-4CB3-87A2-7B001F9E1F0E}"
EndProject
Project("{9A19103F-16F7-4668-BE54-9A1E7A4F7556}") = "Web.Api", "Web.Api\Web.Api.csproj", "{57976F3C-A130-41A5-8C6F-8B12A2057291}"
EndProject
Project("{9A19103F-16F7-4668-BE54-9A1E7A4F7556}") = "NUCA.Projects.Application", "Projects\Projects.Application\NUCA.Projects.Application.csproj", "{18BAED04-3B86-4C3E-B7B9-15BF347F29D5}"
EndProject
Project("{9A19103F-16F7-4668-BE54-9A1E7A4F7556}") = "NUCA.Projects.Data", "Projects\Projects.Data\NUCA.Projects.Data.csproj", "{2E003385-450B-4AAD-BC7E-5A1FFB074D20}"
EndProject
Project("{9A19103F-16F7-4668-BE54-9A1E7A4F7556}") = "NUCA.Projects.Domain", "Projects\Projects.Domain\NUCA.Projects.Domain.csproj", "{CB07BB06-5CE0-4EDF-BE69-BDB65E8A3E61}"
EndProject
Project("{9A19103F-16F7-4668-BE54-9A1E7A4F7556}") = "NUCA.Projects.Api", "Projects\Projects.Api\NUCA.Projects.Api.csproj", "{2BE0FCA9-D00B-49CD-81E7-99E265790EB3}"
EndProject
Project("{2150E333-8FDC-42A3-9474-1A3956D46DE8}") = "Solution Items", "Solution Items", "{FFE2A813-1F1E-4990-AE88-5B9E7811E364}"
	ProjectSection(SolutionItems) = preProject
		.filenesting.json = .filenesting.json
	EndProjectSection
EndProject
Global
	GlobalSection(SolutionConfigurationPlatforms) = preSolution
		Debug|Any CPU = Debug|Any CPU
		Release|Any CPU = Release|Any CPU
	EndGlobalSection
	GlobalSection(ProjectConfigurationPlatforms) = postSolution
		{2891A95A-499E-476A-A3A9-CA8AA01B854B}.Debug|Any CPU.ActiveCfg = Debug|Any CPU
		{2891A95A-499E-476A-A3A9-CA8AA01B854B}.Debug|Any CPU.Build.0 = Debug|Any CPU
		{2891A95A-499E-476A-A3A9-CA8AA01B854B}.Release|Any CPU.ActiveCfg = Release|Any CPU
		{2891A95A-499E-476A-A3A9-CA8AA01B854B}.Release|Any CPU.Build.0 = Release|Any CPU
		{C493DC8B-BC05-4B0C-9E89-74D52E2C7717}.Debug|Any CPU.ActiveCfg = Debug|Any CPU
		{C493DC8B-BC05-4B0C-9E89-74D52E2C7717}.Debug|Any CPU.Build.0 = Debug|Any CPU
		{C493DC8B-BC05-4B0C-9E89-74D52E2C7717}.Release|Any CPU.ActiveCfg = Release|Any CPU
		{C493DC8B-BC05-4B0C-9E89-74D52E2C7717}.Release|Any CPU.Build.0 = Release|Any CPU
		{57976F3C-A130-41A5-8C6F-8B12A2057291}.Debug|Any CPU.ActiveCfg = Debug|Any CPU
		{57976F3C-A130-41A5-8C6F-8B12A2057291}.Debug|Any CPU.Build.0 = Debug|Any CPU
		{57976F3C-A130-41A5-8C6F-8B12A2057291}.Release|Any CPU.ActiveCfg = Release|Any CPU
		{57976F3C-A130-41A5-8C6F-8B12A2057291}.Release|Any CPU.Build.0 = Release|Any CPU
		{18BAED04-3B86-4C3E-B7B9-15BF347F29D5}.Debug|Any CPU.ActiveCfg = Debug|Any CPU
		{18BAED04-3B86-4C3E-B7B9-15BF347F29D5}.Debug|Any CPU.Build.0 = Debug|Any CPU
		{18BAED04-3B86-4C3E-B7B9-15BF347F29D5}.Release|Any CPU.ActiveCfg = Release|Any CPU
		{18BAED04-3B86-4C3E-B7B9-15BF347F29D5}.Release|Any CPU.Build.0 = Release|Any CPU
		{2E003385-450B-4AAD-BC7E-5A1FFB074D20}.Debug|Any CPU.ActiveCfg = Debug|Any CPU
		{2E003385-450B-4AAD-BC7E-5A1FFB074D20}.Debug|Any CPU.Build.0 = Debug|Any CPU
		{2E003385-450B-4AAD-BC7E-5A1FFB074D20}.Release|Any CPU.ActiveCfg = Release|Any CPU
		{2E003385-450B-4AAD-BC7E-5A1FFB074D20}.Release|Any CPU.Build.0 = Release|Any CPU
		{CB07BB06-5CE0-4EDF-BE69-BDB65E8A3E61}.Debug|Any CPU.ActiveCfg = Debug|Any CPU
		{CB07BB06-5CE0-4EDF-BE69-BDB65E8A3E61}.Debug|Any CPU.Build.0 = Debug|Any CPU
		{CB07BB06-5CE0-4EDF-BE69-BDB65E8A3E61}.Release|Any CPU.ActiveCfg = Release|Any CPU
		{CB07BB06-5CE0-4EDF-BE69-BDB65E8A3E61}.Release|Any CPU.Build.0 = Release|Any CPU
		{2BE0FCA9-D00B-49CD-81E7-99E265790EB3}.Debug|Any CPU.ActiveCfg = Debug|Any CPU
		{2BE0FCA9-D00B-49CD-81E7-99E265790EB3}.Debug|Any CPU.Build.0 = Debug|Any CPU
		{2BE0FCA9-D00B-49CD-81E7-99E265790EB3}.Release|Any CPU.ActiveCfg = Release|Any CPU
		{2BE0FCA9-D00B-49CD-81E7-99E265790EB3}.Release|Any CPU.Build.0 = Release|Any CPU
	EndGlobalSection
	GlobalSection(SolutionProperties) = preSolution
		HideSolutionNode = FALSE
	EndGlobalSection
	GlobalSection(NestedProjects) = preSolution
		{F57419D5-45DE-43CA-86AD-378FDB071A26} = {D319F8A0-15AA-4DF7-A208-353998AED994}
		{2891A95A-499E-476A-A3A9-CA8AA01B854B} = {D0524446-A502-4C0A-A481-586694BF39C9}
		{C493DC8B-BC05-4B0C-9E89-74D52E2C7717} = {B0099B3D-E5C2-4C94-8262-4A3B5D1D3852}
		{57976F3C-A130-41A5-8C6F-8B12A2057291} = {9A583ED9-D0F9-4CB3-87A2-7B001F9E1F0E}
		{18BAED04-3B86-4C3E-B7B9-15BF347F29D5} = {F57419D5-45DE-43CA-86AD-378FDB071A26}
		{2E003385-450B-4AAD-BC7E-5A1FFB074D20} = {F57419D5-45DE-43CA-86AD-378FDB071A26}
		{CB07BB06-5CE0-4EDF-BE69-BDB65E8A3E61} = {F57419D5-45DE-43CA-86AD-378FDB071A26}
		{2BE0FCA9-D00B-49CD-81E7-99E265790EB3} = {F57419D5-45DE-43CA-86AD-378FDB071A26}
	EndGlobalSection
	GlobalSection(ExtensibilityGlobals) = postSolution
		SolutionGuid = {28B55A0A-5C3E-482F-971F-2F60C9568BD2}
	EndGlobalSection
EndGlobal
