
Microsoft Visual Studio Solution File, Format Version 12.00
# Visual Studio Version 17
VisualStudioVersion = 17.0.32112.339
MinimumVisualStudioVersion = 10.0.40219.1
Project("{2150E333-8FDC-42A3-9474-1A3956D46DE8}") = "Invocies", "Invocies", "{F57419D5-45DE-43CA-86AD-378FDB071A26}"
EndProject
Project("{9A19103F-16F7-4668-BE54-9A1E7A4F7556}") = "NUCA.Invoices.Api", "Invoices\Invoices.Api\NUCA.Invoices.Api.csproj", "{C7359D61-F449-4D6B-B783-320D8DA7528E}"
EndProject
Project("{9A19103F-16F7-4668-BE54-9A1E7A4F7556}") = "NUCA.Invoices.Domain", "Invoices\Invoices.Domain\NUCA.Invoices.Domain.csproj", "{3B5B04D6-38C2-4C11-8275-975851121B69}"
EndProject
Project("{9A19103F-16F7-4668-BE54-9A1E7A4F7556}") = "NUCA.Invoices.Application", "Invoices\Invoices.Application\NUCA.Invoices.Application.csproj", "{1D0FE29F-3168-4691-BD93-A2945DEEBE72}"
EndProject
Project("{9A19103F-16F7-4668-BE54-9A1E7A4F7556}") = "NUCA.Invoices.Data", "Invoices\Invoices.Data\NUCA.Invoices.Data.csproj", "{0FDAAB5F-D4D9-4C0D-A4F0-C9A7672844F5}"
EndProject
Project("{2150E333-8FDC-42A3-9474-1A3956D46DE8}") = "Projects", "Projects", "{F63C2960-0871-44AA-B174-95CA8B7028B1}"
EndProject
Project("{9A19103F-16F7-4668-BE54-9A1E7A4F7556}") = "NUCA.Projects.Domain", "Projects.Domain\NUCA.Projects.Domain.csproj", "{DDECA6EB-8104-4E83-91A7-07AB2DCD453B}"
EndProject
Project("{9A19103F-16F7-4668-BE54-9A1E7A4F7556}") = "NUCA.Identity", "Identity\NUCA.Identity.csproj", "{2891A95A-499E-476A-A3A9-CA8AA01B854B}"
EndProject
Project("{2150E333-8FDC-42A3-9474-1A3956D46DE8}") = "Common", "Common", "{B0099B3D-E5C2-4C94-8262-4A3B5D1D3852}"
EndProject
Project("{9A19103F-16F7-4668-BE54-9A1E7A4F7556}") = "NUCA.Common", "NUCA.Common\NUCA.Common.csproj", "{C493DC8B-BC05-4B0C-9E89-74D52E2C7717}"
EndProject
Project("{2150E333-8FDC-42A3-9474-1A3956D46DE8}") = "Services", "Services", "{D319F8A0-15AA-4DF7-A208-353998AED994}"
EndProject
Project("{2150E333-8FDC-42A3-9474-1A3956D46DE8}") = "Identity", "Identity", "{D0524446-A502-4C0A-A481-586694BF39C9}"
EndProject
Project("{2150E333-8FDC-42A3-9474-1A3956D46DE8}") = "Web", "Web", "{9A583ED9-D0F9-4CB3-87A2-7B001F9E1F0E}"
EndProject
Project("{9A19103F-16F7-4668-BE54-9A1E7A4F7556}") = "Web.Api", "Web.Api\Web.Api.csproj", "{57976F3C-A130-41A5-8C6F-8B12A2057291}"
EndProject
Project("{9A19103F-16F7-4668-BE54-9A1E7A4F7556}") = "NUCA.Projects.Data", "NUCA.Projects.Data\NUCA.Projects.Data.csproj", "{545B9DF9-AA7F-4DE3-9CA3-AEEA5C2DF8F3}"
EndProject
Project("{9A19103F-16F7-4668-BE54-9A1E7A4F7556}") = "NUCA.Projects.Application", "NUCA.Projects.Application\NUCA.Projects.Application.csproj", "{23633548-83EC-402A-9B5E-8C7C1DDFEA4F}"
EndProject
Project("{9A19103F-16F7-4668-BE54-9A1E7A4F7556}") = "NUCA.Projects.Api", "NUCA.Projects.Api\NUCA.Projects.Api.csproj", "{C8F12A46-0F71-4A24-8963-5983983770CF}"
EndProject
Project("{2150E333-8FDC-42A3-9474-1A3956D46DE8}") = "Boqs", "Boqs", "{2F51BD62-379A-4D37-B1F4-07FF4ACFC3E6}"
EndProject
Project("{FAE04EC0-301F-11D3-BF4B-00C04F79EFBC}") = "NUCA.Boqs.Domain", "Boqs.Domain\NUCA.Boqs.Domain.csproj", "{99FB253D-5662-4064-8725-BBF205BC6861}"
EndProject
Project("{FAE04EC0-301F-11D3-BF4B-00C04F79EFBC}") = "NUCA.Boqs.Application", "NUCA.Boqs.Application\NUCA.Boqs.Application.csproj", "{2F86E69D-75FB-4EB4-8D2D-08C129A5AD6B}"
EndProject
Project("{FAE04EC0-301F-11D3-BF4B-00C04F79EFBC}") = "NUCA.Boqs.Data", "NUCA.Boqs.Data\NUCA.Boqs.Data.csproj", "{6A159CC4-29E1-4B31-AE65-0CA0D096F59A}"
EndProject
Project("{FAE04EC0-301F-11D3-BF4B-00C04F79EFBC}") = "NUCA.Boqs.Api", "NUCA.Boqs.Api\NUCA.Boqs.Api.csproj", "{2A27984B-1CCB-431F-949A-83991C659EED}"
EndProject
Global
	GlobalSection(SolutionConfigurationPlatforms) = preSolution
		Debug|Any CPU = Debug|Any CPU
		Release|Any CPU = Release|Any CPU
	EndGlobalSection
	GlobalSection(ProjectConfigurationPlatforms) = postSolution
		{C7359D61-F449-4D6B-B783-320D8DA7528E}.Debug|Any CPU.ActiveCfg = Debug|Any CPU
		{C7359D61-F449-4D6B-B783-320D8DA7528E}.Debug|Any CPU.Build.0 = Debug|Any CPU
		{C7359D61-F449-4D6B-B783-320D8DA7528E}.Release|Any CPU.ActiveCfg = Release|Any CPU
		{C7359D61-F449-4D6B-B783-320D8DA7528E}.Release|Any CPU.Build.0 = Release|Any CPU
		{3B5B04D6-38C2-4C11-8275-975851121B69}.Debug|Any CPU.ActiveCfg = Debug|Any CPU
		{3B5B04D6-38C2-4C11-8275-975851121B69}.Debug|Any CPU.Build.0 = Debug|Any CPU
		{3B5B04D6-38C2-4C11-8275-975851121B69}.Release|Any CPU.ActiveCfg = Release|Any CPU
		{3B5B04D6-38C2-4C11-8275-975851121B69}.Release|Any CPU.Build.0 = Release|Any CPU
		{1D0FE29F-3168-4691-BD93-A2945DEEBE72}.Debug|Any CPU.ActiveCfg = Debug|Any CPU
		{1D0FE29F-3168-4691-BD93-A2945DEEBE72}.Debug|Any CPU.Build.0 = Debug|Any CPU
		{1D0FE29F-3168-4691-BD93-A2945DEEBE72}.Release|Any CPU.ActiveCfg = Release|Any CPU
		{1D0FE29F-3168-4691-BD93-A2945DEEBE72}.Release|Any CPU.Build.0 = Release|Any CPU
		{0FDAAB5F-D4D9-4C0D-A4F0-C9A7672844F5}.Debug|Any CPU.ActiveCfg = Debug|Any CPU
		{0FDAAB5F-D4D9-4C0D-A4F0-C9A7672844F5}.Debug|Any CPU.Build.0 = Debug|Any CPU
		{0FDAAB5F-D4D9-4C0D-A4F0-C9A7672844F5}.Release|Any CPU.ActiveCfg = Release|Any CPU
		{0FDAAB5F-D4D9-4C0D-A4F0-C9A7672844F5}.Release|Any CPU.Build.0 = Release|Any CPU
		{DDECA6EB-8104-4E83-91A7-07AB2DCD453B}.Debug|Any CPU.ActiveCfg = Debug|Any CPU
		{DDECA6EB-8104-4E83-91A7-07AB2DCD453B}.Debug|Any CPU.Build.0 = Debug|Any CPU
		{DDECA6EB-8104-4E83-91A7-07AB2DCD453B}.Release|Any CPU.ActiveCfg = Release|Any CPU
		{DDECA6EB-8104-4E83-91A7-07AB2DCD453B}.Release|Any CPU.Build.0 = Release|Any CPU
		{2891A95A-499E-476A-A3A9-CA8AA01B854B}.Debug|Any CPU.ActiveCfg = Debug|Any CPU
		{2891A95A-499E-476A-A3A9-CA8AA01B854B}.Debug|Any CPU.Build.0 = Debug|Any CPU
		{2891A95A-499E-476A-A3A9-CA8AA01B854B}.Release|Any CPU.ActiveCfg = Release|Any CPU
		{2891A95A-499E-476A-A3A9-CA8AA01B854B}.Release|Any CPU.Build.0 = Release|Any CPU
		{C493DC8B-BC05-4B0C-9E89-74D52E2C7717}.Debug|Any CPU.ActiveCfg = Debug|Any CPU
		{C493DC8B-BC05-4B0C-9E89-74D52E2C7717}.Debug|Any CPU.Build.0 = Debug|Any CPU
		{C493DC8B-BC05-4B0C-9E89-74D52E2C7717}.Release|Any CPU.ActiveCfg = Release|Any CPU
		{C493DC8B-BC05-4B0C-9E89-74D52E2C7717}.Release|Any CPU.Build.0 = Release|Any CPU
		{57976F3C-A130-41A5-8C6F-8B12A2057291}.Debug|Any CPU.ActiveCfg = Debug|Any CPU
		{57976F3C-A130-41A5-8C6F-8B12A2057291}.Debug|Any CPU.Build.0 = Debug|Any CPU
		{57976F3C-A130-41A5-8C6F-8B12A2057291}.Release|Any CPU.ActiveCfg = Release|Any CPU
		{57976F3C-A130-41A5-8C6F-8B12A2057291}.Release|Any CPU.Build.0 = Release|Any CPU
		{545B9DF9-AA7F-4DE3-9CA3-AEEA5C2DF8F3}.Debug|Any CPU.ActiveCfg = Debug|Any CPU
		{545B9DF9-AA7F-4DE3-9CA3-AEEA5C2DF8F3}.Debug|Any CPU.Build.0 = Debug|Any CPU
		{545B9DF9-AA7F-4DE3-9CA3-AEEA5C2DF8F3}.Release|Any CPU.ActiveCfg = Release|Any CPU
		{545B9DF9-AA7F-4DE3-9CA3-AEEA5C2DF8F3}.Release|Any CPU.Build.0 = Release|Any CPU
		{23633548-83EC-402A-9B5E-8C7C1DDFEA4F}.Debug|Any CPU.ActiveCfg = Debug|Any CPU
		{23633548-83EC-402A-9B5E-8C7C1DDFEA4F}.Debug|Any CPU.Build.0 = Debug|Any CPU
		{23633548-83EC-402A-9B5E-8C7C1DDFEA4F}.Release|Any CPU.ActiveCfg = Release|Any CPU
		{23633548-83EC-402A-9B5E-8C7C1DDFEA4F}.Release|Any CPU.Build.0 = Release|Any CPU
		{C8F12A46-0F71-4A24-8963-5983983770CF}.Debug|Any CPU.ActiveCfg = Debug|Any CPU
		{C8F12A46-0F71-4A24-8963-5983983770CF}.Debug|Any CPU.Build.0 = Debug|Any CPU
		{C8F12A46-0F71-4A24-8963-5983983770CF}.Release|Any CPU.ActiveCfg = Release|Any CPU
		{C8F12A46-0F71-4A24-8963-5983983770CF}.Release|Any CPU.Build.0 = Release|Any CPU
		{99FB253D-5662-4064-8725-BBF205BC6861}.Debug|Any CPU.ActiveCfg = Debug|Any CPU
		{99FB253D-5662-4064-8725-BBF205BC6861}.Debug|Any CPU.Build.0 = Debug|Any CPU
		{99FB253D-5662-4064-8725-BBF205BC6861}.Release|Any CPU.ActiveCfg = Release|Any CPU
		{99FB253D-5662-4064-8725-BBF205BC6861}.Release|Any CPU.Build.0 = Release|Any CPU
		{2F86E69D-75FB-4EB4-8D2D-08C129A5AD6B}.Debug|Any CPU.ActiveCfg = Debug|Any CPU
		{2F86E69D-75FB-4EB4-8D2D-08C129A5AD6B}.Debug|Any CPU.Build.0 = Debug|Any CPU
		{2F86E69D-75FB-4EB4-8D2D-08C129A5AD6B}.Release|Any CPU.ActiveCfg = Release|Any CPU
		{2F86E69D-75FB-4EB4-8D2D-08C129A5AD6B}.Release|Any CPU.Build.0 = Release|Any CPU
		{6A159CC4-29E1-4B31-AE65-0CA0D096F59A}.Debug|Any CPU.ActiveCfg = Debug|Any CPU
		{6A159CC4-29E1-4B31-AE65-0CA0D096F59A}.Debug|Any CPU.Build.0 = Debug|Any CPU
		{6A159CC4-29E1-4B31-AE65-0CA0D096F59A}.Release|Any CPU.ActiveCfg = Release|Any CPU
		{6A159CC4-29E1-4B31-AE65-0CA0D096F59A}.Release|Any CPU.Build.0 = Release|Any CPU
		{2A27984B-1CCB-431F-949A-83991C659EED}.Debug|Any CPU.ActiveCfg = Debug|Any CPU
		{2A27984B-1CCB-431F-949A-83991C659EED}.Debug|Any CPU.Build.0 = Debug|Any CPU
		{2A27984B-1CCB-431F-949A-83991C659EED}.Release|Any CPU.ActiveCfg = Release|Any CPU
		{2A27984B-1CCB-431F-949A-83991C659EED}.Release|Any CPU.Build.0 = Release|Any CPU
	EndGlobalSection
	GlobalSection(SolutionProperties) = preSolution
		HideSolutionNode = FALSE
	EndGlobalSection
	GlobalSection(NestedProjects) = preSolution
		{F57419D5-45DE-43CA-86AD-378FDB071A26} = {D319F8A0-15AA-4DF7-A208-353998AED994}
		{C7359D61-F449-4D6B-B783-320D8DA7528E} = {F57419D5-45DE-43CA-86AD-378FDB071A26}
		{3B5B04D6-38C2-4C11-8275-975851121B69} = {F57419D5-45DE-43CA-86AD-378FDB071A26}
		{1D0FE29F-3168-4691-BD93-A2945DEEBE72} = {F57419D5-45DE-43CA-86AD-378FDB071A26}
		{0FDAAB5F-D4D9-4C0D-A4F0-C9A7672844F5} = {F57419D5-45DE-43CA-86AD-378FDB071A26}
		{F63C2960-0871-44AA-B174-95CA8B7028B1} = {D319F8A0-15AA-4DF7-A208-353998AED994}
		{DDECA6EB-8104-4E83-91A7-07AB2DCD453B} = {F63C2960-0871-44AA-B174-95CA8B7028B1}
		{2891A95A-499E-476A-A3A9-CA8AA01B854B} = {D0524446-A502-4C0A-A481-586694BF39C9}
		{C493DC8B-BC05-4B0C-9E89-74D52E2C7717} = {B0099B3D-E5C2-4C94-8262-4A3B5D1D3852}
		{57976F3C-A130-41A5-8C6F-8B12A2057291} = {9A583ED9-D0F9-4CB3-87A2-7B001F9E1F0E}
		{545B9DF9-AA7F-4DE3-9CA3-AEEA5C2DF8F3} = {F63C2960-0871-44AA-B174-95CA8B7028B1}
		{23633548-83EC-402A-9B5E-8C7C1DDFEA4F} = {F63C2960-0871-44AA-B174-95CA8B7028B1}
		{C8F12A46-0F71-4A24-8963-5983983770CF} = {F63C2960-0871-44AA-B174-95CA8B7028B1}
		{2F51BD62-379A-4D37-B1F4-07FF4ACFC3E6} = {D319F8A0-15AA-4DF7-A208-353998AED994}
		{99FB253D-5662-4064-8725-BBF205BC6861} = {2F51BD62-379A-4D37-B1F4-07FF4ACFC3E6}
		{2F86E69D-75FB-4EB4-8D2D-08C129A5AD6B} = {2F51BD62-379A-4D37-B1F4-07FF4ACFC3E6}
		{6A159CC4-29E1-4B31-AE65-0CA0D096F59A} = {2F51BD62-379A-4D37-B1F4-07FF4ACFC3E6}
		{2A27984B-1CCB-431F-949A-83991C659EED} = {2F51BD62-379A-4D37-B1F4-07FF4ACFC3E6}
	EndGlobalSection
	GlobalSection(ExtensibilityGlobals) = postSolution
		SolutionGuid = {28B55A0A-5C3E-482F-971F-2F60C9568BD2}
	EndGlobalSection
EndGlobal
